
Microsoft Visual Studio Solution File, Format Version 12.00
# Visual Studio Version 17
VisualStudioVersion = 17.0.31903.59
MinimumVisualStudioVersion = 10.0.40219.1
Project("{2150E333-8FDC-42A3-9474-1A3956D46DE8}") = "src", "src", "{1EAFB3B5-89E8-4CEA-A660-0A0FAC0847FD}"
EndProject
Project("{FAE04EC0-301F-11D3-BF4B-00C04F79EFBC}") = "Books-API.Core", "src\Books-API.Core\Books-API.Core.csproj", "{1D5C0745-1821-41C5-9DB9-47E46A308238}"
EndProject
Project("{FAE04EC0-301F-11D3-BF4B-00C04F79EFBC}") = "Books-API.Infrastructure", "src\Books-API.Infrastructure\Books-API.Infrastructure.csproj", "{4719AFC3-9DE5-424F-9B37-12842126F222}"
EndProject
Project("{FAE04EC0-301F-11D3-BF4B-00C04F79EFBC}") = "Books-API.Presentation", "src\Books-API.Presentation\Books-API.Presentation.csproj", "{330CEAF6-ED12-4748-BF7D-F2BA2E735295}"
EndProject
Global
	GlobalSection(SolutionConfigurationPlatforms) = preSolution
		Debug|Any CPU = Debug|Any CPU
		Release|Any CPU = Release|Any CPU
	EndGlobalSection
	GlobalSection(SolutionProperties) = preSolution
		HideSolutionNode = FALSE
	EndGlobalSection
	GlobalSection(ProjectConfigurationPlatforms) = postSolution
		{1D5C0745-1821-41C5-9DB9-47E46A308238}.Debug|Any CPU.ActiveCfg = Debug|Any CPU
		{1D5C0745-1821-41C5-9DB9-47E46A308238}.Debug|Any CPU.Build.0 = Debug|Any CPU
		{1D5C0745-1821-41C5-9DB9-47E46A308238}.Release|Any CPU.ActiveCfg = Release|Any CPU
		{1D5C0745-1821-41C5-9DB9-47E46A308238}.Release|Any CPU.Build.0 = Release|Any CPU
		{4719AFC3-9DE5-424F-9B37-12842126F222}.Debug|Any CPU.ActiveCfg = Debug|Any CPU
		{4719AFC3-9DE5-424F-9B37-12842126F222}.Debug|Any CPU.Build.0 = Debug|Any CPU
		{4719AFC3-9DE5-424F-9B37-12842126F222}.Release|Any CPU.ActiveCfg = Release|Any CPU
		{4719AFC3-9DE5-424F-9B37-12842126F222}.Release|Any CPU.Build.0 = Release|Any CPU
		{330CEAF6-ED12-4748-BF7D-F2BA2E735295}.Debug|Any CPU.ActiveCfg = Debug|Any CPU
		{330CEAF6-ED12-4748-BF7D-F2BA2E735295}.Debug|Any CPU.Build.0 = Debug|Any CPU
		{330CEAF6-ED12-4748-BF7D-F2BA2E735295}.Release|Any CPU.ActiveCfg = Release|Any CPU
		{330CEAF6-ED12-4748-BF7D-F2BA2E735295}.Release|Any CPU.Build.0 = Release|Any CPU
	EndGlobalSection
	GlobalSection(NestedProjects) = preSolution
		{1D5C0745-1821-41C5-9DB9-47E46A308238} = {1EAFB3B5-89E8-4CEA-A660-0A0FAC0847FD}
		{4719AFC3-9DE5-424F-9B37-12842126F222} = {1EAFB3B5-89E8-4CEA-A660-0A0FAC0847FD}
		{330CEAF6-ED12-4748-BF7D-F2BA2E735295} = {1EAFB3B5-89E8-4CEA-A660-0A0FAC0847FD}
	EndGlobalSection
EndGlobal
